Microsoft Visual Studio Solution File, Format Version 11.00
# Visual Studio 2008

Project("{8BD43E48-5ACD-9ACA-F2E3-030BCF4D0FAC}") = "Ball Game", "Assembly-CSharp-vs.csproj", "{75E41DF9-DC16-507D-F2C8-10619855B885}"
EndProject
Project("{8BD43E48-5ACD-9ACA-F2E3-030BCF4D0FAC}") = "Ball Game", "Assembly-CSharp-Editor-vs.csproj", "{EF5575A6-14EC-FADD-DF56-DD2233A6BF6F}"
EndProject
Global
	GlobalSection(SolutionConfigurationPlatforms) = preSolution
		Debug|Any CPU = Debug|Any CPU
		Release|Any CPU = Release|Any CPU
	EndGlobalSection
	GlobalSection(ProjectConfigurationPlatforms) = postSolution
		{75E41DF9-DC16-507D-F2C8-10619855B885}.Debug|Any CPU.ActiveCfg = Debug|Any CPU
		{75E41DF9-DC16-507D-F2C8-10619855B885}.Debug|Any CPU.Build.0 = Debug|Any CPU
		{75E41DF9-DC16-507D-F2C8-10619855B885}.Release|Any CPU.ActiveCfg = Release|Any CPU
		{75E41DF9-DC16-507D-F2C8-10619855B885}.Release|Any CPU.Build.0 = Release|Any CPU
		{EF5575A6-14EC-FADD-DF56-DD2233A6BF6F}.Debug|Any CPU.ActiveCfg = Debug|Any CPU
		{EF5575A6-14EC-FADD-DF56-DD2233A6BF6F}.Debug|Any CPU.Build.0 = Debug|Any CPU
		{EF5575A6-14EC-FADD-DF56-DD2233A6BF6F}.Release|Any CPU.ActiveCfg = Release|Any CPU
		{EF5575A6-14EC-FADD-DF56-DD2233A6BF6F}.Release|Any CPU.Build.0 = Release|Any CPU
	EndGlobalSection
	GlobalSection(SolutionProperties) = preSolution
		HideSolutionNode = FALSE
	EndGlobalSection
																				GlobalSection(MonoDevelopProperties) = preSolution
		StartupItem = Assembly-CSharp.csproj
		Policies = $0
		$0.TextStylePolicy = $1
		$1.inheritsSet = null
		$1.scope = text/x-csharp
		$0.CSharpFormattingPolicy = $2
		$2.inheritsSet = Mono
		$2.inheritsScope = text/x-csharp
		$2.scope = text/x-csharp
		$0.TextStylePolicy = $3
		$3.FileWidth = 120
		$3.TabWidth = 4
		$3.IndentWidth = 4
		$3.EolMarker = Unix
		$3.inheritsSet = Mono
		$3.inheritsScope = text/plain
		$3.scope = text/plain
	EndGlobalSection

EndGlobal
